<?xml version="1.0" encoding="utf-8"?>
<Project ToolsVersion="4.0" xmlns="http://schemas.microsoft.com/developer/msbuild/2003">
  <ItemGroup>
    <Filter Include="Source Files">
      <UniqueIdentifier>{4FC737F1-C7A5-4376-A066-2A32D752A2FF}</UniqueIdentifier>
      <Extensions>qml;cpp;c;cc;cxx;def;odl;idl;hpj;bat;asm;asmx</Extensions>
    </Filter>
    <Filter Include="Header Files">
      <UniqueIdentifier>{93995380-89BD-4b04-88EB-625FBE52EBFB}</UniqueIdentifier>
      <Extensions>h;hh;hpp;hxx;hm;inl;inc;xsd</Extensions>
    </Filter>
    <Filter Include="Resource Files">
      <UniqueIdentifier>{67DA6AB6-F800-4c08-8B7A-83BB121AAD01}</UniqueIdentifier>
      <Extensions>qrc;rc;ico;cur;bmp;dlg;rc2;rct;bin;rgs;gif;jpg;jpeg;jpe;resx;tiff;tif;png;wav;mfcribbon-ms</Extensions>
    </Filter>
    <Filter Include="Form Files">
      <UniqueIdentifier>{99349809-55BA-4b9d-BF79-8FDBB0286EB3}</UniqueIdentifier>
      <Extensions>ui</Extensions>
    </Filter>
    <Filter Include="Translation Files">
      <UniqueIdentifier>{639EADAA-A684-42e4-A9AD-28FC9BCB8F7C}</UniqueIdentifier>
      <Extensions>ts</Extensions>
    </Filter>
    <Filter Include="Cef">
      <UniqueIdentifier>{f9152fe9-e2ee-4a13-9cf6-96fe741a25fa}</UniqueIdentifier>
    </Filter>
    <Filter Include="Util">
      <UniqueIdentifier>{d9190a16-c5b1-4db9-b18c-0d25c00a850d}</UniqueIdentifier>
    </Filter>
    <Filter Include="WebSocket">
      <UniqueIdentifier>{685c7eda-003c-417e-b75f-f9b9f49462fa}</UniqueIdentifier>
    </Filter>
    <Filter Include="Type">
      <UniqueIdentifier>{625af062-7369-42e3-862c-7d9cb235ce75}</UniqueIdentifier>
    </Filter>
    <Filter Include="U70">
      <UniqueIdentifier>{183e4579-b74b-4803-a506-9f02d3613c82}</UniqueIdentifier>
    </Filter>
    <Filter Include="Dispatch">
      <UniqueIdentifier>{14afc74a-fbca-4aca-b346-a551d36b9309}</UniqueIdentifier>
    </Filter>
    <Filter Include="Data">
      <UniqueIdentifier>{40172a0b-3543-4fe2-bd70-89b8f7506f3e}</UniqueIdentifier>
    </Filter>
    <Filter Include="U70\Channel">
      <UniqueIdentifier>{de87ee76-070b-41d8-a871-1c09f2ed73f2}</UniqueIdentifier>
    </Filter>
    <Filter Include="Data\Config">
      <UniqueIdentifier>{59c97c5d-c945-476f-8145-ff50b9bb1edd}</UniqueIdentifier>
    </Filter>
  </ItemGroup>
  <ItemGroup>
    <QtRcc Include="Twisting.qrc">
      <Filter>Resource Files</Filter>
    </QtRcc>
    <QtUic Include="Twisting.ui">
      <Filter>Form Files</Filter>
    </QtUic>
    <QtMoc Include="Twisting.h">
      <Filter>Header Files</Filter>
    </QtMoc>
    <ClCompile Include="Twisting.cpp">
      <Filter>Source Files</Filter>
    </ClCompile>
  </ItemGroup>
  <ItemGroup>
    <ClCompile Include="main.cpp">
      <Filter>Source Files</Filter>
    </ClCompile>
    <ClCompile Include="CefViewWidget.cpp">
      <Filter>Cef</Filter>
    </ClCompile>
    <ClCompile Include="DownloadManager.cpp">
      <Filter>Cef</Filter>
    </ClCompile>
    <ClCompile Include="ToolDefine.cpp">
      <Filter>Util</Filter>
    </ClCompile>
    <ClCompile Include="wsmsgdispatcher.cpp">
      <Filter>WebSocket</Filter>
    </ClCompile>
    <ClCompile Include="CommunicationThread.cpp">
      <Filter>U70</Filter>
    </ClCompile>
    <ClCompile Include="CommHandler.cpp">
      <Filter>U70</Filter>
    </ClCompile>
    <ClCompile Include="MultiMachDispatcher.cpp">
      <Filter>Dispatch</Filter>
    </ClCompile>
    <ClCompile Include="MsgHandler.cpp">
      <Filter>Dispatch</Filter>
    </ClCompile>
    <ClCompile Include="DataProcessor.cpp">
      <Filter>Data</Filter>
    </ClCompile>
    <ClCompile Include="NormalCommHandler.cpp">
      <Filter>U70\Channel</Filter>
    </ClCompile>
    <ClCompile Include="MethodHandler.cpp">
      <Filter>Data\Config</Filter>
    </ClCompile>
    <ClCompile Include="ReportSettingHandler.cpp">
      <Filter>Data\Config</Filter>
    </ClCompile>
    <ClCompile Include="SystemConfigHandler.cpp">
      <Filter>Data\Config</Filter>
    </ClCompile>
    <ClCompile Include="ControlTestCommHandler.cpp">
      <Filter>U70\Channel</Filter>
    </ClCompile>
  </ItemGroup>
  <ItemGroup>
    <ClInclude Include="DownloadManager.h">
      <Filter>Cef</Filter>
    </ClInclude>
    <ClInclude Include="ToolDefine.h">
      <Filter>Util</Filter>
    </ClInclude>
    <ClInclude Include="dumpfile.h">
      <Filter>Util</Filter>
    </ClInclude>
    <ClInclude Include="DataDefine.h">
      <Filter>Type</Filter>
    </ClInclude>
  </ItemGroup>
  <ItemGroup>
    <QtMoc Include="CefViewWidget.h">
      <Filter>Cef</Filter>
    </QtMoc>
    <QtMoc Include="wsmsgdispatcher.h">
      <Filter>WebSocket</Filter>
    </QtMoc>
    <QtMoc Include="CommunicationThread.h">
      <Filter>U70</Filter>
    </QtMoc>
    <QtMoc Include="CommHandler.h">
      <Filter>U70</Filter>
    </QtMoc>
    <QtMoc Include="MultiMachDispatcher.h">
      <Filter>Dispatch</Filter>
    </QtMoc>
    <QtMoc Include="MsgHandler.h">
      <Filter>Dispatch</Filter>
    </QtMoc>
    <QtMoc Include="DataProcessor.h">
      <Filter>Data</Filter>
    </QtMoc>
    <QtMoc Include="NormalCommHandler.h">
      <Filter>U70\Channel</Filter>
    </QtMoc>
    <QtMoc Include="MethodHandler.h">
      <Filter>Data\Config</Filter>
    </QtMoc>
    <QtMoc Include="ReportSettingHandler.h">
      <Filter>Data\Config</Filter>
    </QtMoc>
    <QtMoc Include="SystemConfigHandler.h">
      <Filter>Data\Config</Filter>
    </QtMoc>
    <QtMoc Include="ControlTestCommHandler.h">
      <Filter>U70\Channel</Filter>
    </QtMoc>
  </ItemGroup>
</Project>